NeoBundleLock AnsiEsc.vim d2bb7878622e4c16203acf1c92a0f4bc7ac58003
NeoBundleLock neobundle.vim 69c65de516c8a02853743053e6602b90a1a82c8e
NeoBundleLock neomru.vim 8aa00e181bb764956a40764ae325a485a93f513a
NeoBundleLock nerdtree 78ec4f2ad3d022d963964f660bf4ea3aa93e93fa
NeoBundleLock tcomment_vim 78ec4f2ad3d022d963964f660bf4ea3aa93e93fa
NeoBundleLock unite.vim 78ec4f2ad3d022d963964f660bf4ea3aa93e93fa
NeoBundleLock vim-endwise 78ec4f2ad3d022d963964f660bf4ea3aa93e93fa
NeoBundleLock vim-fugitive dba8a0705d95cda76d599bb7d09964d67741a5c5
NeoBundleLock vim-indent-guides 4895e860258cd24c975255ef459af4b956107557
NeoBundleLock vim-less 9426a5168acbc12a5dd8f3b01acff59db6ba36e1
NeoBundleLock vim-rails 2c5c72aaf9711e53e4d54fbf8aee011e8e25ac82
NeoBundleLock vim-surround 2d05440ad23f97a7874ebd9b5de3a0e65d25d85c
NeoBundleLock vim-trailing-whitespace 478b217d299b6f5938b43a4929d6bb0907cc3a56
